
Microsoft Visual Studio Solution File, Format Version 12.00
# Visual Studio Version 17
VisualStudioVersion = 17.4.33213.308
MinimumVisualStudioVersion = 10.0.40219.1
Project("{FAE04EC0-301F-11D3-BF4B-00C04F79EFBC}") = "MotoApp", "MotoApp\MotoApp.csproj", "{12FB8BD4-00A5-4866-B528-FFA9FD70D315}"
EndProject
Global
	GlobalSection(SolutionConfigurationPlatforms) = preSolution
		Debug|Any CPU = Debug|Any CPU
		Release|Any CPU = Release|Any CPU
	EndGlobalSection
	GlobalSection(ProjectConfigurationPlatforms) = postSolution
		{12FB8BD4-00A5-4866-B528-FFA9FD70D315}.Debug|Any CPU.ActiveCfg = Debug|Any CPU
		{12FB8BD4-00A5-4866-B528-FFA9FD70D315}.Debug|Any CPU.Build.0 = Debug|Any CPU
		{12FB8BD4-00A5-4866-B528-FFA9FD70D315}.Release|Any CPU.ActiveCfg = Release|Any CPU
		{12FB8BD4-00A5-4866-B528-FFA9FD70D315}.Release|Any CPU.Build.0 = Release|Any CPU
	EndGlobalSection
	GlobalSection(SolutionProperties) = preSolution
		HideSolutionNode = FALSE
	EndGlobalSection
	GlobalSection(ExtensibilityGlobals) = postSolution
		SolutionGuid = {EC39FFFC-802B-4BF8-A01E-366F40341501}
	EndGlobalSection
EndGlobal
